Microsoft Visual Studio Solution File, Format Version 11.00
# Visual Studio 2008

Project("{DD8F1F41-3377-62A5-546C-4654AB71B5E1}") = "mathematika", "Assembly-CSharp.csproj", "{7D0F29F8-4F95-D7EE-AADD-8016D30CA6F4}"
EndProject
Global
	GlobalSection(SolutionConfigurationPlatforms) = preSolution
		Debug|Any CPU = Debug|Any CPU
		Release|Any CPU = Release|Any CPU
	EndGlobalSection
	GlobalSection(ProjectConfigurationPlatforms) = postSolution
		{7D0F29F8-4F95-D7EE-AADD-8016D30CA6F4}.Debug|Any CPU.ActiveCfg = Debug|Any CPU
		{7D0F29F8-4F95-D7EE-AADD-8016D30CA6F4}.Debug|Any CPU.Build.0 = Debug|Any CPU
		{7D0F29F8-4F95-D7EE-AADD-8016D30CA6F4}.Release|Any CPU.ActiveCfg = Release|Any CPU
		{7D0F29F8-4F95-D7EE-AADD-8016D30CA6F4}.Release|Any CPU.Build.0 = Release|Any CPU
	EndGlobalSection
	GlobalSection(SolutionProperties) = preSolution
		HideSolutionNode = FALSE
	EndGlobalSection
	GlobalSection(MonoDevelopProperties) = preSolution
		StartupItem = Assembly-CSharp.csproj
	EndGlobalSection
EndGlobal
